
Microsoft Visual Studio Solution File, Format Version 12.00
# Visual Studio 15
VisualStudioVersion = 15.0.27004.2009
MinimumVisualStudioVersion = 10.0.40219.1
Project("{FAE04EC0-301F-11D3-BF4B-00C04F79EFBC}") = "Web.Site", "Web.Site\Web.Site\Web.Site.csproj", "{693B0A63-791B-4F34-B592-3272A102B61C}"
EndProject
Project("{FAE04EC0-301F-11D3-BF4B-00C04F79EFBC}") = "WalletAPI", "WalletAPI\WalletAPI.csproj", "{D5F13BBB-2FA7-48A8-AE79-5EFE8BAA6E02}"
EndProject
Project("{FAE04EC0-301F-11D3-BF4B-00C04F79EFBC}") = "Common", "Common\Common.csproj", "{30AEFBB4-AC87-4162-B570-60A1577CDEB5}"
EndProject
Project("{FAE04EC0-301F-11D3-BF4B-00C04F79EFBC}") = "DataObjects", "DataObjects\DataObjects.csproj", "{2A81F2BA-8050-4F4F-8E93-D26D0A381623}"
EndProject
Project("{FAE04EC0-301F-11D3-BF4B-00C04F79EFBC}") = "WalletInboundService", "WalletInboundService\WalletInboundService.csproj", "{1ABC1AEF-8617-496D-8A86-688FCF1A21C9}"
EndProject
Project("{FAE04EC0-301F-11D3-BF4B-00C04F79EFBC}") = "WalletOutboundService", "WalletOutboundService\WalletOutboundService.csproj", "{82756F59-8C10-4C79-AEF1-BC50959E1167}"
EndProject
Project("{2150E333-8FDC-42A3-9474-1A3956D46DE8}") = "Solution Items", "Solution Items", "{1273CA95-BCB2-4AC1-B5B2-5FD5E81A01E8}"
	ProjectSection(SolutionItems) = preProject
		GlobalAssemblyInfo.cs = GlobalAssemblyInfo.cs
		WE-Palette.css = WE-Palette.css
		WebEssentials2015-Settings.json = WebEssentials2015-Settings.json
	EndProjectSection
EndProject
Project("{FAE04EC0-301F-11D3-BF4B-00C04F79EFBC}") = "TradeService", "TradeService\TradeService.csproj", "{D8F559B5-064B-4036-9A00-937549A99CEA}"
EndProject
Project("{FAE04EC0-301F-11D3-BF4B-00C04F79EFBC}") = "MarketPlaceService", "MarketService\MarketPlaceService.csproj", "{9417048B-D68F-4483-98CA-ECD476EFCD04}"
EndProject
Project("{FAE04EC0-301F-11D3-BF4B-00C04F79EFBC}") = "AdminHax", "AdminHax\AdminHax.csproj", "{430E8559-D556-46B8-9293-FF8C9F36266A}"
EndProject
Project("{FAE04EC0-301F-11D3-BF4B-00C04F79EFBC}") = "MarketPlaceDataService", "MarketPlaceDataService\MarketPlaceDataService.csproj", "{AE763EB2-D0C9-4785-BAF9-8C3BE1B8E38B}"
EndProject
Project("{00D1A9C2-B5F0-4AF3-8072-F6C62B433612}") = "MarketPlaceDatabase", "MarketPlaceDatabase\MarketPlaceDatabase.sqlproj", "{42309240-9093-461A-9643-C3F9CEB26B45}"
EndProject
Project("{FAE04EC0-301F-11D3-BF4B-00C04F79EFBC}") = "IntegrationService", "IntegrationService\IntegrationService.csproj", "{B8678271-885A-4839-897F-5882703704BD}"
EndProject
Project("{FAE04EC0-301F-11D3-BF4B-00C04F79EFBC}") = "RewardService", "RewardService\RewardService.csproj", "{8068ACC8-C0E7-4121-9387-823F35B8B82A}"
EndProject
Project("{2150E333-8FDC-42A3-9474-1A3956D46DE8}") = "Cryptopia.Core", "Cryptopia.Core", "{AE507008-CCD4-4196-893C-BD63571367EF}"
EndProject
Project("{2150E333-8FDC-42A3-9474-1A3956D46DE8}") = "Cryptopia.MarketPlace", "Cryptopia.MarketPlace", "{F6CCCEFD-1967-43B3-A1E5-818AA1AA9F1B}"
EndProject
Project("{2150E333-8FDC-42A3-9474-1A3956D46DE8}") = "Cryptopia.Exchange", "Cryptopia.Exchange", "{BF848E31-6E29-4459-80E9-93F77A0F0D3C}"
EndProject
Project("{2150E333-8FDC-42A3-9474-1A3956D46DE8}") = "Cryptopia.Tools", "Cryptopia.Tools", "{06CAE7FA-BDA2-459B-B7DA-2A4C71BB658D}"
EndProject
Project("{FAE04EC0-301F-11D3-BF4B-00C04F79EFBC}") = "LottoService", "LottoService\LottoService.csproj", "{87B8F7F1-DFF7-48F7-A2C7-FA7FA04FF58D}"
EndProject
Project("{FAE04EC0-301F-11D3-BF4B-00C04F79EFBC}") = "Cryptopia.Core", "Cryptopia.Core\Cryptopia.Core.csproj", "{FA5EEA6F-6FC3-4144-A738-E8134FA59113}"
EndProject
Project("{FAE04EC0-301F-11D3-BF4B-00C04F79EFBC}") = "Cryptopia.DependencyInjection", "Cryptopia.DependencyInjection\Cryptopia.DependencyInjection.csproj", "{2372D989-6012-4BC3-8ECD-54969B512383}"
	ProjectSection(ProjectDependencies) = postProject
		{F1FF4706-736C-4ED3-9F61-77486A0420A8} = {F1FF4706-736C-4ED3-9F61-77486A0420A8}
	EndProjectSection
EndProject
Project("{FAE04EC0-301F-11D3-BF4B-00C04F79EFBC}") = "Cryptopia.Data", "Cryptopia.Data\Cryptopia.Data.csproj", "{3D4008AC-2457-4190-B36D-2343F9ABC6B3}"
EndProject
Project("{FAE04EC0-301F-11D3-BF4B-00C04F79EFBC}") = "Cryptopia.Common", "Cryptopia.Common\Cryptopia.Common.csproj", "{E52B1491-8A60-48B6-B551-834E159867AB}"
EndProject
Project("{FAE04EC0-301F-11D3-BF4B-00C04F79EFBC}") = "Cryptopia.Entity", "Cryptopia.Entity\Cryptopia.Entity.csproj", "{6C3292DD-2AE8-4025-925C-BDD2C10DC741}"
EndProject
Project("{FAE04EC0-301F-11D3-BF4B-00C04F79EFBC}") = "Cryptopia.Enums", "Cryptopia.Enums\Cryptopia.Enums.csproj", "{B49DC053-65B7-4B50-AE51-AB16717EF9C7}"
EndProject
Project("{FAE04EC0-301F-11D3-BF4B-00C04F79EFBC}") = "Cryptopia.Datatables", "Cryptopia.Datatables\Cryptopia.Datatables.csproj", "{389ADE94-7C32-4885-812E-68A2A74C82D8}"
EndProject
Project("{2150E333-8FDC-42A3-9474-1A3956D46DE8}") = "Cryptopia.Services", "Cryptopia.Services", "{EEB20129-C88B-4444-9539-4B5BC7EE0DDE}"
EndProject
Project("{2150E333-8FDC-42A3-9474-1A3956D46DE8}") = "Proxtopia", "Proxtopia", "{CB083D5C-5111-4B2A-B8CC-34533EEE54F1}"
	ProjectSection(SolutionItems) = preProject
		AEON_proxtopia.js = AEON_proxtopia.js
		BCN_proxtopia.js = BCN_proxtopia.js
		BXC_proxtopia.js = BXC_proxtopia.js
		COAL_proxtopia.js = COAL_proxtopia.js
		DCR_proxtopia.js = DCR_proxtopia.js
		DSH_proxtopia.js = DSH_proxtopia.js
		dustWallet.js = dustWallet.js
		ETH_Proxtopia.js = ETH_Proxtopia.js
		FAKE_proxtopia.js = FAKE_proxtopia.js
		KRB_proxtopia.js = KRB_proxtopia.js
		PASCAL_proxtopia.js = PASCAL_proxtopia.js
		proxtopia.js = proxtopia.js
		SC_Proxtopia.js = SC_Proxtopia.js
		UR_proxtopia.js = UR_proxtopia.js
		XCI_proxtopia.js = XCI_proxtopia.js
		XEM_proxtopia.js = XEM_proxtopia.js
		XMR_proxtopia.js = XMR_proxtopia.js
	EndProjectSection
EndProject
Project("{2150E333-8FDC-42A3-9474-1A3956D46DE8}") = "Ethereum", "Ethereum", "{8B8072DF-009F-485E-84B2-8DB01B03AF1A}"
	ProjectSection(SolutionItems) = preProject
		EthereumConsolidation.js = EthereumConsolidation.js
		EthereumListBalances.js = EthereumListBalances.js
	EndProjectSection
EndProject
Project("{FAE04EC0-301F-11D3-BF4B-00C04F79EFBC}") = "Cryptopia.Base", "Cryptopia.Base\Cryptopia.Base.csproj", "{434E7159-FEC5-4CF3-8BAD-BFFB2F1C6DAE}"
EndProject
Project("{FAE04EC0-301F-11D3-BF4B-00C04F79EFBC}") = "Cryptopia.PoolService", "Cryptopia.PoolService\Cryptopia.PoolService.csproj", "{DFCC0E9B-8DF0-4092-A19B-57A115A1A918}"
EndProject
Project("{2150E333-8FDC-42A3-9474-1A3956D46DE8}") = "Cryptopia.Admin", "Cryptopia.Admin", "{717552D5-D020-4480-A681-65C9A31C09BF}"
EndProject
Project("{FAE04EC0-301F-11D3-BF4B-00C04F79EFBC}") = "Web.Admin", "Web.Admin\Web.Admin.csproj", "{F09F805A-0AAE-46A0-8015-F8CF80DDA7D0}"
	ProjectSection(ProjectDependencies) = postProject
		{F1FF4706-736C-4ED3-9F61-77486A0420A8} = {F1FF4706-736C-4ED3-9F61-77486A0420A8}
	EndProjectSection
EndProject
Project("{FAE04EC0-301F-11D3-BF4B-00C04F79EFBC}") = "Cryptopia.Cache", "Cryptopia.Cache\Cryptopia.Cache.csproj", "{21480099-3347-4273-9E5A-E7632E624AD8}"
EndProject
Project("{2150E333-8FDC-42A3-9474-1A3956D46DE8}") = "Lib", "Lib", "{D708C4C2-FBED-41A2-B900-3C64A33C644E}"
	ProjectSection(SolutionItems) = preProject
		ITSecurity.dll = ITSecurity.dll
	EndProjectSection
EndProject
Project("{FAE04EC0-301F-11D3-BF4B-00C04F79EFBC}") = "Cryptopia.Admin.Core", "Cryptopia.Admin.Core\Cryptopia.Admin.Core.csproj", "{F1FF4706-736C-4ED3-9F61-77486A0420A8}"
EndProject
Project("{2150E333-8FDC-42A3-9474-1A3956D46DE8}") = "Cryptopia.Infrastructure", "Cryptopia.Infrastructure", "{3D232F36-8AAA-4488-A720-5A1E8E720359}"
EndProject
Project("{FAE04EC0-301F-11D3-BF4B-00C04F79EFBC}") = "Cryptopia.Infrastructure", "Cryptopia.Infrastructure\Cryptopia.Infrastructure.csproj", "{4A51F4E4-0D9D-4B2F-8A56-1EDC088B8F05}"
EndProject
Project("{FAE04EC0-301F-11D3-BF4B-00C04F79EFBC}") = "Cryptopia.Infrastructure.Common", "Cryptopia.Infrastructure.Common\Cryptopia.Infrastructure.Common.csproj", "{6E49B123-5CC9-4B9D-BBD6-FEEB8FA4CE39}"
EndProject
Project("{FAE04EC0-301F-11D3-BF4B-00C04F79EFBC}") = "Cryptopia.Infrastructure.Incapsula.Client", "Cryptopia.Infrastructure.Incapsula.Client\Cryptopia.Infrastructure.Incapsula.Client.csproj", "{C3067E36-E67C-48B8-9CDE-91D78F745E91}"
EndProject
Project("{FAE04EC0-301F-11D3-BF4B-00C04F79EFBC}") = "Cryptopia.Admin.Common", "Cryptopia.Admin.Common\Cryptopia.Admin.Common.csproj", "{2FE7F4A1-9AB7-46FD-9E7D-7B02FFD3820A}"
EndProject
Project("{FAE04EC0-301F-11D3-BF4B-00C04F79EFBC}") = "DepositTrackerService", "DepositTrackerService\DepositTrackerService.csproj", "{29A5974E-9606-4491-9A30-2905C81D5DC2}"
EndProject
Project("{FAE04EC0-301F-11D3-BF4B-00C04F79EFBC}") = "AdmintopiaService", "AdmintopiaService\AdmintopiaService.csproj", "{577C8249-739B-49ED-8323-88091E24BDEE}"
EndProject
Project("{FAE04EC0-301F-11D3-BF4B-00C04F79EFBC}") = "Cryptopia.Infrastructure.Incapsula.Common", "Cryptopia.Infrastructure.Incapsula.Common\Cryptopia.Infrastructure.Incapsula.Common.csproj", "{57A8B09C-71BF-437E-968D-387744BE2B90}"
EndProject
Project("{FAE04EC0-301F-11D3-BF4B-00C04F79EFBC}") = "Cryptopia.Resources", "Cryptopia.Resources\Cryptopia.Resources.csproj", "{BA77649B-FDFB-45B3-84B9-669BF8EA3783}"
EndProject
Project("{9A19103F-16F7-4668-BE54-9A1E7A4F7556}") = "DoTheSpriteThing", "DoTheSpriteThing\DoTheSpriteThing.csproj", "{7055413E-49E8-4C66-8114-81CEAA9F8048}"
EndProject
Project("{FAE04EC0-301F-11D3-BF4B-00C04F79EFBC}") = "SpriteBuilderService", "SpriteBuilderService\SpriteBuilderService.csproj", "{107D511B-BDBA-4FF6-9FBB-C0617EE9BF14}"
EndProject
Project("{2150E333-8FDC-42A3-9474-1A3956D46DE8}") = "Tests", "Tests", "{5A3F1728-3544-424F-8490-CA55C5F580C0}"
EndProject
Project("{FAE04EC0-301F-11D3-BF4B-00C04F79EFBC}") = "IntegrationServiceTests", "UnitTests\IntegrationServiceTests\IntegrationServiceTests.csproj", "{3AF4126C-462C-46FD-8EB1-4C97023910BE}"
EndProject
Global
	GlobalSection(SolutionConfigurationPlatforms) = preSolution
		Debug|Any CPU = Debug|Any CPU
		Debug|x86 = Debug|x86
		Release|Any CPU = Release|Any CPU
		Release|x86 = Release|x86
	EndGlobalSection
	GlobalSection(ProjectConfigurationPlatforms) = postSolution
		{693B0A63-791B-4F34-B592-3272A102B61C}.Debug|Any CPU.ActiveCfg = Debug|Any CPU
		{693B0A63-791B-4F34-B592-3272A102B61C}.Debug|Any CPU.Build.0 = Debug|Any CPU
		{693B0A63-791B-4F34-B592-3272A102B61C}.Debug|x86.ActiveCfg = Debug|Any CPU
		{693B0A63-791B-4F34-B592-3272A102B61C}.Release|Any CPU.ActiveCfg = Release|Any CPU
		{693B0A63-791B-4F34-B592-3272A102B61C}.Release|Any CPU.Build.0 = Release|Any CPU
		{693B0A63-791B-4F34-B592-3272A102B61C}.Release|x86.ActiveCfg = Release|Any CPU
		{D5F13BBB-2FA7-48A8-AE79-5EFE8BAA6E02}.Debug|Any CPU.ActiveCfg = Debug|Any CPU
		{D5F13BBB-2FA7-48A8-AE79-5EFE8BAA6E02}.Debug|Any CPU.Build.0 = Debug|Any CPU
		{D5F13BBB-2FA7-48A8-AE79-5EFE8BAA6E02}.Debug|x86.ActiveCfg = Debug|Any CPU
		{D5F13BBB-2FA7-48A8-AE79-5EFE8BAA6E02}.Release|Any CPU.ActiveCfg = Release|Any CPU
		{D5F13BBB-2FA7-48A8-AE79-5EFE8BAA6E02}.Release|Any CPU.Build.0 = Release|Any CPU
		{D5F13BBB-2FA7-48A8-AE79-5EFE8BAA6E02}.Release|x86.ActiveCfg = Release|Any CPU
		{30AEFBB4-AC87-4162-B570-60A1577CDEB5}.Debug|Any CPU.ActiveCfg = Debug|Any CPU
		{30AEFBB4-AC87-4162-B570-60A1577CDEB5}.Debug|Any CPU.Build.0 = Debug|Any CPU
		{30AEFBB4-AC87-4162-B570-60A1577CDEB5}.Debug|x86.ActiveCfg = Debug|Any CPU
		{30AEFBB4-AC87-4162-B570-60A1577CDEB5}.Release|Any CPU.ActiveCfg = Release|Any CPU
		{30AEFBB4-AC87-4162-B570-60A1577CDEB5}.Release|Any CPU.Build.0 = Release|Any CPU
		{30AEFBB4-AC87-4162-B570-60A1577CDEB5}.Release|x86.ActiveCfg = Release|Any CPU
		{2A81F2BA-8050-4F4F-8E93-D26D0A381623}.Debug|Any CPU.ActiveCfg = Debug|Any CPU
		{2A81F2BA-8050-4F4F-8E93-D26D0A381623}.Debug|Any CPU.Build.0 = Debug|Any CPU
		{2A81F2BA-8050-4F4F-8E93-D26D0A381623}.Debug|x86.ActiveCfg = Debug|Any CPU
		{2A81F2BA-8050-4F4F-8E93-D26D0A381623}.Release|Any CPU.ActiveCfg = Release|Any CPU
		{2A81F2BA-8050-4F4F-8E93-D26D0A381623}.Release|Any CPU.Build.0 = Release|Any CPU
		{2A81F2BA-8050-4F4F-8E93-D26D0A381623}.Release|x86.ActiveCfg = Release|Any CPU
		{1ABC1AEF-8617-496D-8A86-688FCF1A21C9}.Debug|Any CPU.ActiveCfg = Debug|Any CPU
		{1ABC1AEF-8617-496D-8A86-688FCF1A21C9}.Debug|Any CPU.Build.0 = Debug|Any CPU
		{1ABC1AEF-8617-496D-8A86-688FCF1A21C9}.Debug|x86.ActiveCfg = Debug|Any CPU
		{1ABC1AEF-8617-496D-8A86-688FCF1A21C9}.Release|Any CPU.ActiveCfg = Release|Any CPU
		{1ABC1AEF-8617-496D-8A86-688FCF1A21C9}.Release|Any CPU.Build.0 = Release|Any CPU
		{1ABC1AEF-8617-496D-8A86-688FCF1A21C9}.Release|x86.ActiveCfg = Release|Any CPU
		{82756F59-8C10-4C79-AEF1-BC50959E1167}.Debug|Any CPU.ActiveCfg = Debug|Any CPU
		{82756F59-8C10-4C79-AEF1-BC50959E1167}.Debug|Any CPU.Build.0 = Debug|Any CPU
		{82756F59-8C10-4C79-AEF1-BC50959E1167}.Debug|x86.ActiveCfg = Debug|Any CPU
		{82756F59-8C10-4C79-AEF1-BC50959E1167}.Release|Any CPU.ActiveCfg = Release|Any CPU
		{82756F59-8C10-4C79-AEF1-BC50959E1167}.Release|Any CPU.Build.0 = Release|Any CPU
		{82756F59-8C10-4C79-AEF1-BC50959E1167}.Release|x86.ActiveCfg = Release|Any CPU
		{D8F559B5-064B-4036-9A00-937549A99CEA}.Debug|Any CPU.ActiveCfg = Debug|Any CPU
		{D8F559B5-064B-4036-9A00-937549A99CEA}.Debug|Any CPU.Build.0 = Debug|Any CPU
		{D8F559B5-064B-4036-9A00-937549A99CEA}.Debug|x86.ActiveCfg = Debug|Any CPU
		{D8F559B5-064B-4036-9A00-937549A99CEA}.Release|Any CPU.ActiveCfg = Release|Any CPU
		{D8F559B5-064B-4036-9A00-937549A99CEA}.Release|Any CPU.Build.0 = Release|Any CPU
		{D8F559B5-064B-4036-9A00-937549A99CEA}.Release|x86.ActiveCfg = Release|Any CPU
		{9417048B-D68F-4483-98CA-ECD476EFCD04}.Debug|Any CPU.ActiveCfg = Debug|Any CPU
		{9417048B-D68F-4483-98CA-ECD476EFCD04}.Debug|Any CPU.Build.0 = Debug|Any CPU
		{9417048B-D68F-4483-98CA-ECD476EFCD04}.Debug|x86.ActiveCfg = Debug|Any CPU
		{9417048B-D68F-4483-98CA-ECD476EFCD04}.Release|Any CPU.ActiveCfg = Release|Any CPU
		{9417048B-D68F-4483-98CA-ECD476EFCD04}.Release|Any CPU.Build.0 = Release|Any CPU
		{9417048B-D68F-4483-98CA-ECD476EFCD04}.Release|x86.ActiveCfg = Release|Any CPU
		{430E8559-D556-46B8-9293-FF8C9F36266A}.Debug|Any CPU.ActiveCfg = Debug|Any CPU
		{430E8559-D556-46B8-9293-FF8C9F36266A}.Debug|Any CPU.Build.0 = Debug|Any CPU
		{430E8559-D556-46B8-9293-FF8C9F36266A}.Debug|x86.ActiveCfg = Debug|Any CPU
		{430E8559-D556-46B8-9293-FF8C9F36266A}.Release|Any CPU.ActiveCfg = Release|Any CPU
		{430E8559-D556-46B8-9293-FF8C9F36266A}.Release|Any CPU.Build.0 = Release|Any CPU
		{430E8559-D556-46B8-9293-FF8C9F36266A}.Release|x86.ActiveCfg = Release|Any CPU
		{AE763EB2-D0C9-4785-BAF9-8C3BE1B8E38B}.Debug|Any CPU.ActiveCfg = Debug|Any CPU
		{AE763EB2-D0C9-4785-BAF9-8C3BE1B8E38B}.Debug|Any CPU.Build.0 = Debug|Any CPU
		{AE763EB2-D0C9-4785-BAF9-8C3BE1B8E38B}.Debug|x86.ActiveCfg = Debug|Any CPU
		{AE763EB2-D0C9-4785-BAF9-8C3BE1B8E38B}.Release|Any CPU.ActiveCfg = Release|Any CPU
		{AE763EB2-D0C9-4785-BAF9-8C3BE1B8E38B}.Release|Any CPU.Build.0 = Release|Any CPU
		{AE763EB2-D0C9-4785-BAF9-8C3BE1B8E38B}.Release|x86.ActiveCfg = Release|Any CPU
		{42309240-9093-461A-9643-C3F9CEB26B45}.Debug|Any CPU.ActiveCfg = Debug|Any CPU
		{42309240-9093-461A-9643-C3F9CEB26B45}.Debug|Any CPU.Build.0 = Debug|Any CPU
		{42309240-9093-461A-9643-C3F9CEB26B45}.Debug|x86.ActiveCfg = Debug|Any CPU
		{42309240-9093-461A-9643-C3F9CEB26B45}.Release|Any CPU.ActiveCfg = Release|Any CPU
		{42309240-9093-461A-9643-C3F9CEB26B45}.Release|Any CPU.Build.0 = Release|Any CPU
		{42309240-9093-461A-9643-C3F9CEB26B45}.Release|Any CPU.Deploy.0 = Release|Any CPU
		{42309240-9093-461A-9643-C3F9CEB26B45}.Release|x86.ActiveCfg = Release|Any CPU
		{B8678271-885A-4839-897F-5882703704BD}.Debug|Any CPU.ActiveCfg = Debug|Any CPU
		{B8678271-885A-4839-897F-5882703704BD}.Debug|Any CPU.Build.0 = Debug|Any CPU
		{B8678271-885A-4839-897F-5882703704BD}.Debug|x86.ActiveCfg = Debug|Any CPU
		{B8678271-885A-4839-897F-5882703704BD}.Release|Any CPU.ActiveCfg = Release|Any CPU
		{B8678271-885A-4839-897F-5882703704BD}.Release|Any CPU.Build.0 = Release|Any CPU
		{B8678271-885A-4839-897F-5882703704BD}.Release|x86.ActiveCfg = Release|Any CPU
		{8068ACC8-C0E7-4121-9387-823F35B8B82A}.Debug|Any CPU.ActiveCfg = Debug|Any CPU
		{8068ACC8-C0E7-4121-9387-823F35B8B82A}.Debug|Any CPU.Build.0 = Debug|Any CPU
		{8068ACC8-C0E7-4121-9387-823F35B8B82A}.Debug|x86.ActiveCfg = Debug|Any CPU
		{8068ACC8-C0E7-4121-9387-823F35B8B82A}.Release|Any CPU.ActiveCfg = Release|Any CPU
		{8068ACC8-C0E7-4121-9387-823F35B8B82A}.Release|Any CPU.Build.0 = Release|Any CPU
		{8068ACC8-C0E7-4121-9387-823F35B8B82A}.Release|x86.ActiveCfg = Release|Any CPU
		{87B8F7F1-DFF7-48F7-A2C7-FA7FA04FF58D}.Debug|Any CPU.ActiveCfg = Debug|Any CPU
		{87B8F7F1-DFF7-48F7-A2C7-FA7FA04FF58D}.Debug|Any CPU.Build.0 = Debug|Any CPU
		{87B8F7F1-DFF7-48F7-A2C7-FA7FA04FF58D}.Debug|x86.ActiveCfg = Debug|Any CPU
		{87B8F7F1-DFF7-48F7-A2C7-FA7FA04FF58D}.Release|Any CPU.ActiveCfg = Release|Any CPU
		{87B8F7F1-DFF7-48F7-A2C7-FA7FA04FF58D}.Release|Any CPU.Build.0 = Release|Any CPU
		{87B8F7F1-DFF7-48F7-A2C7-FA7FA04FF58D}.Release|x86.ActiveCfg = Release|Any CPU
		{FA5EEA6F-6FC3-4144-A738-E8134FA59113}.Debug|Any CPU.ActiveCfg = Debug|Any CPU
		{FA5EEA6F-6FC3-4144-A738-E8134FA59113}.Debug|Any CPU.Build.0 = Debug|Any CPU
		{FA5EEA6F-6FC3-4144-A738-E8134FA59113}.Debug|x86.ActiveCfg = Debug|Any CPU
		{FA5EEA6F-6FC3-4144-A738-E8134FA59113}.Release|Any CPU.ActiveCfg = Release|Any CPU
		{FA5EEA6F-6FC3-4144-A738-E8134FA59113}.Release|Any CPU.Build.0 = Release|Any CPU
		{FA5EEA6F-6FC3-4144-A738-E8134FA59113}.Release|x86.ActiveCfg = Release|Any CPU
		{2372D989-6012-4BC3-8ECD-54969B512383}.Debug|Any CPU.ActiveCfg = Debug|Any CPU
		{2372D989-6012-4BC3-8ECD-54969B512383}.Debug|Any CPU.Build.0 = Debug|Any CPU
		{2372D989-6012-4BC3-8ECD-54969B512383}.Debug|x86.ActiveCfg = Debug|Any CPU
		{2372D989-6012-4BC3-8ECD-54969B512383}.Release|Any CPU.ActiveCfg = Release|Any CPU
		{2372D989-6012-4BC3-8ECD-54969B512383}.Release|Any CPU.Build.0 = Release|Any CPU
		{2372D989-6012-4BC3-8ECD-54969B512383}.Release|x86.ActiveCfg = Release|Any CPU
		{3D4008AC-2457-4190-B36D-2343F9ABC6B3}.Debug|Any CPU.ActiveCfg = Debug|Any CPU
		{3D4008AC-2457-4190-B36D-2343F9ABC6B3}.Debug|Any CPU.Build.0 = Debug|Any CPU
		{3D4008AC-2457-4190-B36D-2343F9ABC6B3}.Debug|x86.ActiveCfg = Debug|Any CPU
		{3D4008AC-2457-4190-B36D-2343F9ABC6B3}.Release|Any CPU.ActiveCfg = Release|Any CPU
		{3D4008AC-2457-4190-B36D-2343F9ABC6B3}.Release|Any CPU.Build.0 = Release|Any CPU
		{3D4008AC-2457-4190-B36D-2343F9ABC6B3}.Release|x86.ActiveCfg = Release|Any CPU
		{E52B1491-8A60-48B6-B551-834E159867AB}.Debug|Any CPU.ActiveCfg = Debug|Any CPU
		{E52B1491-8A60-48B6-B551-834E159867AB}.Debug|Any CPU.Build.0 = Debug|Any CPU
		{E52B1491-8A60-48B6-B551-834E159867AB}.Debug|x86.ActiveCfg = Debug|Any CPU
		{E52B1491-8A60-48B6-B551-834E159867AB}.Debug|x86.Build.0 = Debug|Any CPU
		{E52B1491-8A60-48B6-B551-834E159867AB}.Release|Any CPU.ActiveCfg = Release|Any CPU
		{E52B1491-8A60-48B6-B551-834E159867AB}.Release|Any CPU.Build.0 = Release|Any CPU
		{E52B1491-8A60-48B6-B551-834E159867AB}.Release|x86.ActiveCfg = Release|Any CPU
		{E52B1491-8A60-48B6-B551-834E159867AB}.Release|x86.Build.0 = Release|Any CPU
		{6C3292DD-2AE8-4025-925C-BDD2C10DC741}.Debug|Any CPU.ActiveCfg = Debug|Any CPU
		{6C3292DD-2AE8-4025-925C-BDD2C10DC741}.Debug|Any CPU.Build.0 = Debug|Any CPU
		{6C3292DD-2AE8-4025-925C-BDD2C10DC741}.Debug|x86.ActiveCfg = Debug|Any CPU
		{6C3292DD-2AE8-4025-925C-BDD2C10DC741}.Debug|x86.Build.0 = Debug|Any CPU
		{6C3292DD-2AE8-4025-925C-BDD2C10DC741}.Release|Any CPU.ActiveCfg = Release|Any CPU
		{6C3292DD-2AE8-4025-925C-BDD2C10DC741}.Release|Any CPU.Build.0 = Release|Any CPU
		{6C3292DD-2AE8-4025-925C-BDD2C10DC741}.Release|x86.ActiveCfg = Release|Any CPU
		{6C3292DD-2AE8-4025-925C-BDD2C10DC741}.Release|x86.Build.0 = Release|Any CPU
		{B49DC053-65B7-4B50-AE51-AB16717EF9C7}.Debug|Any CPU.ActiveCfg = Debug|Any CPU
		{B49DC053-65B7-4B50-AE51-AB16717EF9C7}.Debug|Any CPU.Build.0 = Debug|Any CPU
		{B49DC053-65B7-4B50-AE51-AB16717EF9C7}.Debug|x86.ActiveCfg = Debug|Any CPU
		{B49DC053-65B7-4B50-AE51-AB16717EF9C7}.Debug|x86.Build.0 = Debug|Any CPU
		{B49DC053-65B7-4B50-AE51-AB16717EF9C7}.Release|Any CPU.ActiveCfg = Release|Any CPU
		{B49DC053-65B7-4B50-AE51-AB16717EF9C7}.Release|Any CPU.Build.0 = Release|Any CPU
		{B49DC053-65B7-4B50-AE51-AB16717EF9C7}.Release|x86.ActiveCfg = Release|Any CPU
		{B49DC053-65B7-4B50-AE51-AB16717EF9C7}.Release|x86.Build.0 = Release|Any CPU
		{389ADE94-7C32-4885-812E-68A2A74C82D8}.Debug|Any CPU.ActiveCfg = Debug|Any CPU
		{389ADE94-7C32-4885-812E-68A2A74C82D8}.Debug|Any CPU.Build.0 = Debug|Any CPU
		{389ADE94-7C32-4885-812E-68A2A74C82D8}.Debug|x86.ActiveCfg = Debug|Any CPU
		{389ADE94-7C32-4885-812E-68A2A74C82D8}.Debug|x86.Build.0 = Debug|Any CPU
		{389ADE94-7C32-4885-812E-68A2A74C82D8}.Release|Any CPU.ActiveCfg = Release|Any CPU
		{389ADE94-7C32-4885-812E-68A2A74C82D8}.Release|Any CPU.Build.0 = Release|Any CPU
		{389ADE94-7C32-4885-812E-68A2A74C82D8}.Release|x86.ActiveCfg = Release|Any CPU
		{389ADE94-7C32-4885-812E-68A2A74C82D8}.Release|x86.Build.0 = Release|Any CPU
		{434E7159-FEC5-4CF3-8BAD-BFFB2F1C6DAE}.Debug|Any CPU.ActiveCfg = Debug|Any CPU
		{434E7159-FEC5-4CF3-8BAD-BFFB2F1C6DAE}.Debug|Any CPU.Build.0 = Debug|Any CPU
		{434E7159-FEC5-4CF3-8BAD-BFFB2F1C6DAE}.Debug|x86.ActiveCfg = Debug|Any CPU
		{434E7159-FEC5-4CF3-8BAD-BFFB2F1C6DAE}.Debug|x86.Build.0 = Debug|Any CPU
		{434E7159-FEC5-4CF3-8BAD-BFFB2F1C6DAE}.Release|Any CPU.ActiveCfg = Release|Any CPU
		{434E7159-FEC5-4CF3-8BAD-BFFB2F1C6DAE}.Release|Any CPU.Build.0 = Release|Any CPU
		{434E7159-FEC5-4CF3-8BAD-BFFB2F1C6DAE}.Release|x86.ActiveCfg = Release|Any CPU
		{434E7159-FEC5-4CF3-8BAD-BFFB2F1C6DAE}.Release|x86.Build.0 = Release|Any CPU
		{DFCC0E9B-8DF0-4092-A19B-57A115A1A918}.Debug|Any CPU.ActiveCfg = Debug|Any CPU
		{DFCC0E9B-8DF0-4092-A19B-57A115A1A918}.Debug|Any CPU.Build.0 = Debug|Any CPU
		{DFCC0E9B-8DF0-4092-A19B-57A115A1A918}.Debug|x86.ActiveCfg = Debug|Any CPU
		{DFCC0E9B-8DF0-4092-A19B-57A115A1A918}.Debug|x86.Build.0 = Debug|Any CPU
		{DFCC0E9B-8DF0-4092-A19B-57A115A1A918}.Release|Any CPU.ActiveCfg = Release|Any CPU
		{DFCC0E9B-8DF0-4092-A19B-57A115A1A918}.Release|Any CPU.Build.0 = Release|Any CPU
		{DFCC0E9B-8DF0-4092-A19B-57A115A1A918}.Release|x86.ActiveCfg = Release|Any CPU
		{DFCC0E9B-8DF0-4092-A19B-57A115A1A918}.Release|x86.Build.0 = Release|Any CPU
		{F09F805A-0AAE-46A0-8015-F8CF80DDA7D0}.Debug|Any CPU.ActiveCfg = Debug|Any CPU
		{F09F805A-0AAE-46A0-8015-F8CF80DDA7D0}.Debug|Any CPU.Build.0 = Debug|Any CPU
		{F09F805A-0AAE-46A0-8015-F8CF80DDA7D0}.Debug|x86.ActiveCfg = Debug|Any CPU
		{F09F805A-0AAE-46A0-8015-F8CF80DDA7D0}.Debug|x86.Build.0 = Debug|Any CPU
		{F09F805A-0AAE-46A0-8015-F8CF80DDA7D0}.Release|Any CPU.ActiveCfg = Release|Any CPU
		{F09F805A-0AAE-46A0-8015-F8CF80DDA7D0}.Release|Any CPU.Build.0 = Release|Any CPU
		{F09F805A-0AAE-46A0-8015-F8CF80DDA7D0}.Release|x86.ActiveCfg = Release|Any CPU
		{F09F805A-0AAE-46A0-8015-F8CF80DDA7D0}.Release|x86.Build.0 = Release|Any CPU
		{21480099-3347-4273-9E5A-E7632E624AD8}.Debug|Any CPU.ActiveCfg = Debug|Any CPU
		{21480099-3347-4273-9E5A-E7632E624AD8}.Debug|Any CPU.Build.0 = Debug|Any CPU
		{21480099-3347-4273-9E5A-E7632E624AD8}.Debug|x86.ActiveCfg = Debug|Any CPU
		{21480099-3347-4273-9E5A-E7632E624AD8}.Debug|x86.Build.0 = Debug|Any CPU
		{21480099-3347-4273-9E5A-E7632E624AD8}.Release|Any CPU.ActiveCfg = Release|Any CPU
		{21480099-3347-4273-9E5A-E7632E624AD8}.Release|Any CPU.Build.0 = Release|Any CPU
		{21480099-3347-4273-9E5A-E7632E624AD8}.Release|x86.ActiveCfg = Release|Any CPU
		{21480099-3347-4273-9E5A-E7632E624AD8}.Release|x86.Build.0 = Release|Any CPU
		{F1FF4706-736C-4ED3-9F61-77486A0420A8}.Debug|Any CPU.ActiveCfg = Debug|Any CPU
		{F1FF4706-736C-4ED3-9F61-77486A0420A8}.Debug|Any CPU.Build.0 = Debug|Any CPU
		{F1FF4706-736C-4ED3-9F61-77486A0420A8}.Debug|x86.ActiveCfg = Debug|Any CPU
		{F1FF4706-736C-4ED3-9F61-77486A0420A8}.Debug|x86.Build.0 = Debug|Any CPU
		{F1FF4706-736C-4ED3-9F61-77486A0420A8}.Release|Any CPU.ActiveCfg = Release|Any CPU
		{F1FF4706-736C-4ED3-9F61-77486A0420A8}.Release|Any CPU.Build.0 = Release|Any CPU
		{F1FF4706-736C-4ED3-9F61-77486A0420A8}.Release|x86.ActiveCfg = Release|Any CPU
		{F1FF4706-736C-4ED3-9F61-77486A0420A8}.Release|x86.Build.0 = Release|Any CPU
		{4A51F4E4-0D9D-4B2F-8A56-1EDC088B8F05}.Debug|Any CPU.ActiveCfg = Debug|Any CPU
		{4A51F4E4-0D9D-4B2F-8A56-1EDC088B8F05}.Debug|Any CPU.Build.0 = Debug|Any CPU
		{4A51F4E4-0D9D-4B2F-8A56-1EDC088B8F05}.Debug|x86.ActiveCfg = Debug|Any CPU
		{4A51F4E4-0D9D-4B2F-8A56-1EDC088B8F05}.Debug|x86.Build.0 = Debug|Any CPU
		{4A51F4E4-0D9D-4B2F-8A56-1EDC088B8F05}.Release|Any CPU.ActiveCfg = Release|Any CPU
		{4A51F4E4-0D9D-4B2F-8A56-1EDC088B8F05}.Release|Any CPU.Build.0 = Release|Any CPU
		{4A51F4E4-0D9D-4B2F-8A56-1EDC088B8F05}.Release|x86.ActiveCfg = Release|Any CPU
		{4A51F4E4-0D9D-4B2F-8A56-1EDC088B8F05}.Release|x86.Build.0 = Release|Any CPU
		{6E49B123-5CC9-4B9D-BBD6-FEEB8FA4CE39}.Debug|Any CPU.ActiveCfg = Debug|Any CPU
		{6E49B123-5CC9-4B9D-BBD6-FEEB8FA4CE39}.Debug|Any CPU.Build.0 = Debug|Any CPU
		{6E49B123-5CC9-4B9D-BBD6-FEEB8FA4CE39}.Debug|x86.ActiveCfg = Debug|Any CPU
		{6E49B123-5CC9-4B9D-BBD6-FEEB8FA4CE39}.Debug|x86.Build.0 = Debug|Any CPU
		{6E49B123-5CC9-4B9D-BBD6-FEEB8FA4CE39}.Release|Any CPU.ActiveCfg = Release|Any CPU
		{6E49B123-5CC9-4B9D-BBD6-FEEB8FA4CE39}.Release|Any CPU.Build.0 = Release|Any CPU
		{6E49B123-5CC9-4B9D-BBD6-FEEB8FA4CE39}.Release|x86.ActiveCfg = Release|Any CPU
		{6E49B123-5CC9-4B9D-BBD6-FEEB8FA4CE39}.Release|x86.Build.0 = Release|Any CPU
		{C3067E36-E67C-48B8-9CDE-91D78F745E91}.Debug|Any CPU.ActiveCfg = Debug|Any CPU
		{C3067E36-E67C-48B8-9CDE-91D78F745E91}.Debug|Any CPU.Build.0 = Debug|Any CPU
		{C3067E36-E67C-48B8-9CDE-91D78F745E91}.Debug|x86.ActiveCfg = Debug|Any CPU
		{C3067E36-E67C-48B8-9CDE-91D78F745E91}.Debug|x86.Build.0 = Debug|Any CPU
		{C3067E36-E67C-48B8-9CDE-91D78F745E91}.Release|Any CPU.ActiveCfg = Release|Any CPU
		{C3067E36-E67C-48B8-9CDE-91D78F745E91}.Release|Any CPU.Build.0 = Release|Any CPU
		{C3067E36-E67C-48B8-9CDE-91D78F745E91}.Release|x86.ActiveCfg = Release|Any CPU
		{C3067E36-E67C-48B8-9CDE-91D78F745E91}.Release|x86.Build.0 = Release|Any CPU
		{2FE7F4A1-9AB7-46FD-9E7D-7B02FFD3820A}.Debug|Any CPU.ActiveCfg = Debug|Any CPU
		{2FE7F4A1-9AB7-46FD-9E7D-7B02FFD3820A}.Debug|Any CPU.Build.0 = Debug|Any CPU
		{2FE7F4A1-9AB7-46FD-9E7D-7B02FFD3820A}.Debug|x86.ActiveCfg = Debug|Any CPU
		{2FE7F4A1-9AB7-46FD-9E7D-7B02FFD3820A}.Debug|x86.Build.0 = Debug|Any CPU
		{2FE7F4A1-9AB7-46FD-9E7D-7B02FFD3820A}.Release|Any CPU.ActiveCfg = Release|Any CPU
		{2FE7F4A1-9AB7-46FD-9E7D-7B02FFD3820A}.Release|Any CPU.Build.0 = Release|Any CPU
		{2FE7F4A1-9AB7-46FD-9E7D-7B02FFD3820A}.Release|x86.ActiveCfg = Release|Any CPU
		{2FE7F4A1-9AB7-46FD-9E7D-7B02FFD3820A}.Release|x86.Build.0 = Release|Any CPU
		{29A5974E-9606-4491-9A30-2905C81D5DC2}.Debug|Any CPU.ActiveCfg = Debug|Any CPU
		{29A5974E-9606-4491-9A30-2905C81D5DC2}.Debug|Any CPU.Build.0 = Debug|Any CPU
		{29A5974E-9606-4491-9A30-2905C81D5DC2}.Debug|x86.ActiveCfg = Debug|Any CPU
		{29A5974E-9606-4491-9A30-2905C81D5DC2}.Debug|x86.Build.0 = Debug|Any CPU
		{29A5974E-9606-4491-9A30-2905C81D5DC2}.Release|Any CPU.ActiveCfg = Release|Any CPU
		{29A5974E-9606-4491-9A30-2905C81D5DC2}.Release|Any CPU.Build.0 = Release|Any CPU
		{29A5974E-9606-4491-9A30-2905C81D5DC2}.Release|x86.ActiveCfg = Release|Any CPU
		{29A5974E-9606-4491-9A30-2905C81D5DC2}.Release|x86.Build.0 = Release|Any CPU
		{577C8249-739B-49ED-8323-88091E24BDEE}.Debug|Any CPU.ActiveCfg = Debug|Any CPU
		{577C8249-739B-49ED-8323-88091E24BDEE}.Debug|Any CPU.Build.0 = Debug|Any CPU
		{577C8249-739B-49ED-8323-88091E24BDEE}.Debug|x86.ActiveCfg = Debug|Any CPU
		{577C8249-739B-49ED-8323-88091E24BDEE}.Debug|x86.Build.0 = Debug|Any CPU
		{577C8249-739B-49ED-8323-88091E24BDEE}.Release|Any CPU.ActiveCfg = Release|Any CPU
		{577C8249-739B-49ED-8323-88091E24BDEE}.Release|Any CPU.Build.0 = Release|Any CPU
		{577C8249-739B-49ED-8323-88091E24BDEE}.Release|x86.ActiveCfg = Release|Any CPU
		{577C8249-739B-49ED-8323-88091E24BDEE}.Release|x86.Build.0 = Release|Any CPU
		{57A8B09C-71BF-437E-968D-387744BE2B90}.Debug|Any CPU.ActiveCfg = Debug|Any CPU
		{57A8B09C-71BF-437E-968D-387744BE2B90}.Debug|Any CPU.Build.0 = Debug|Any CPU
		{57A8B09C-71BF-437E-968D-387744BE2B90}.Debug|x86.ActiveCfg = Debug|Any CPU
		{57A8B09C-71BF-437E-968D-387744BE2B90}.Debug|x86.Build.0 = Debug|Any CPU
		{57A8B09C-71BF-437E-968D-387744BE2B90}.Release|Any CPU.ActiveCfg = Release|Any CPU
		{57A8B09C-71BF-437E-968D-387744BE2B90}.Release|Any CPU.Build.0 = Release|Any CPU
		{57A8B09C-71BF-437E-968D-387744BE2B90}.Release|x86.ActiveCfg = Release|Any CPU
		{BA77649B-FDFB-45B3-84B9-669BF8EA3783}.Debug|Any CPU.ActiveCfg = Debug|Any CPU
		{BA77649B-FDFB-45B3-84B9-669BF8EA3783}.Debug|Any CPU.Build.0 = Debug|Any CPU
		{BA77649B-FDFB-45B3-84B9-669BF8EA3783}.Debug|x86.ActiveCfg = Debug|Any CPU
		{BA77649B-FDFB-45B3-84B9-669BF8EA3783}.Debug|x86.Build.0 = Debug|Any CPU
		{BA77649B-FDFB-45B3-84B9-669BF8EA3783}.Release|Any CPU.ActiveCfg = Release|Any CPU
		{BA77649B-FDFB-45B3-84B9-669BF8EA3783}.Release|Any CPU.Build.0 = Release|Any CPU
		{BA77649B-FDFB-45B3-84B9-669BF8EA3783}.Release|x86.ActiveCfg = Release|Any CPU
		{BA77649B-FDFB-45B3-84B9-669BF8EA3783}.Release|x86.Build.0 = Release|Any CPU
		{7055413E-49E8-4C66-8114-81CEAA9F8048}.Debug|Any CPU.ActiveCfg = Debug|Any CPU
		{7055413E-49E8-4C66-8114-81CEAA9F8048}.Debug|Any CPU.Build.0 = Debug|Any CPU
		{7055413E-49E8-4C66-8114-81CEAA9F8048}.Debug|x86.ActiveCfg = Debug|Any CPU
		{7055413E-49E8-4C66-8114-81CEAA9F8048}.Debug|x86.Build.0 = Debug|Any CPU
		{7055413E-49E8-4C66-8114-81CEAA9F8048}.Release|Any CPU.ActiveCfg = Release|Any CPU
		{7055413E-49E8-4C66-8114-81CEAA9F8048}.Release|Any CPU.Build.0 = Release|Any CPU
		{7055413E-49E8-4C66-8114-81CEAA9F8048}.Release|x86.ActiveCfg = Release|Any CPU
		{7055413E-49E8-4C66-8114-81CEAA9F8048}.Release|x86.Build.0 = Release|Any CPU
		{107D511B-BDBA-4FF6-9FBB-C0617EE9BF14}.Debug|Any CPU.ActiveCfg = Debug|Any CPU
		{107D511B-BDBA-4FF6-9FBB-C0617EE9BF14}.Debug|Any CPU.Build.0 = Debug|Any CPU
		{107D511B-BDBA-4FF6-9FBB-C0617EE9BF14}.Debug|x86.ActiveCfg = Debug|Any CPU
		{107D511B-BDBA-4FF6-9FBB-C0617EE9BF14}.Debug|x86.Build.0 = Debug|Any CPU
		{107D511B-BDBA-4FF6-9FBB-C0617EE9BF14}.Release|Any CPU.ActiveCfg = Release|Any CPU
		{107D511B-BDBA-4FF6-9FBB-C0617EE9BF14}.Release|Any CPU.Build.0 = Release|Any CPU
		{107D511B-BDBA-4FF6-9FBB-C0617EE9BF14}.Release|x86.ActiveCfg = Release|Any CPU
		{3AF4126C-462C-46FD-8EB1-4C97023910BE}.Debug|Any CPU.ActiveCfg = Debug|Any CPU
		{3AF4126C-462C-46FD-8EB1-4C97023910BE}.Debug|Any CPU.Build.0 = Debug|Any CPU
		{3AF4126C-462C-46FD-8EB1-4C97023910BE}.Debug|x86.ActiveCfg = Debug|Any CPU
		{3AF4126C-462C-46FD-8EB1-4C97023910BE}.Debug|x86.Build.0 = Debug|Any CPU
		{3AF4126C-462C-46FD-8EB1-4C97023910BE}.Release|Any CPU.ActiveCfg = Release|Any CPU
		{3AF4126C-462C-46FD-8EB1-4C97023910BE}.Release|Any CPU.Build.0 = Release|Any CPU
		{3AF4126C-462C-46FD-8EB1-4C97023910BE}.Release|x86.ActiveCfg = Release|Any CPU
		{3AF4126C-462C-46FD-8EB1-4C97023910BE}.Release|x86.Build.0 = Release|Any CPU
	EndGlobalSection
	GlobalSection(SolutionProperties) = preSolution
		HideSolutionNode = FALSE
	EndGlobalSection
	GlobalSection(NestedProjects) = preSolution
		{693B0A63-791B-4F34-B592-3272A102B61C} = {BF848E31-6E29-4459-80E9-93F77A0F0D3C}
		{D5F13BBB-2FA7-48A8-AE79-5EFE8BAA6E02} = {BF848E31-6E29-4459-80E9-93F77A0F0D3C}
		{30AEFBB4-AC87-4162-B570-60A1577CDEB5} = {BF848E31-6E29-4459-80E9-93F77A0F0D3C}
		{2A81F2BA-8050-4F4F-8E93-D26D0A381623} = {BF848E31-6E29-4459-80E9-93F77A0F0D3C}
		{1ABC1AEF-8617-496D-8A86-688FCF1A21C9} = {EEB20129-C88B-4444-9539-4B5BC7EE0DDE}
		{82756F59-8C10-4C79-AEF1-BC50959E1167} = {EEB20129-C88B-4444-9539-4B5BC7EE0DDE}
		{D8F559B5-064B-4036-9A00-937549A99CEA} = {EEB20129-C88B-4444-9539-4B5BC7EE0DDE}
		{9417048B-D68F-4483-98CA-ECD476EFCD04} = {F6CCCEFD-1967-43B3-A1E5-818AA1AA9F1B}
		{430E8559-D556-46B8-9293-FF8C9F36266A} = {06CAE7FA-BDA2-459B-B7DA-2A4C71BB658D}
		{AE763EB2-D0C9-4785-BAF9-8C3BE1B8E38B} = {F6CCCEFD-1967-43B3-A1E5-818AA1AA9F1B}
		{42309240-9093-461A-9643-C3F9CEB26B45} = {F6CCCEFD-1967-43B3-A1E5-818AA1AA9F1B}
		{B8678271-885A-4839-897F-5882703704BD} = {EEB20129-C88B-4444-9539-4B5BC7EE0DDE}
		{8068ACC8-C0E7-4121-9387-823F35B8B82A} = {EEB20129-C88B-4444-9539-4B5BC7EE0DDE}
		{87B8F7F1-DFF7-48F7-A2C7-FA7FA04FF58D} = {EEB20129-C88B-4444-9539-4B5BC7EE0DDE}
		{FA5EEA6F-6FC3-4144-A738-E8134FA59113} = {AE507008-CCD4-4196-893C-BD63571367EF}
		{2372D989-6012-4BC3-8ECD-54969B512383} = {AE507008-CCD4-4196-893C-BD63571367EF}
		{3D4008AC-2457-4190-B36D-2343F9ABC6B3} = {AE507008-CCD4-4196-893C-BD63571367EF}
		{E52B1491-8A60-48B6-B551-834E159867AB} = {AE507008-CCD4-4196-893C-BD63571367EF}
		{6C3292DD-2AE8-4025-925C-BDD2C10DC741} = {AE507008-CCD4-4196-893C-BD63571367EF}
		{B49DC053-65B7-4B50-AE51-AB16717EF9C7} = {AE507008-CCD4-4196-893C-BD63571367EF}
		{389ADE94-7C32-4885-812E-68A2A74C82D8} = {AE507008-CCD4-4196-893C-BD63571367EF}
		{8B8072DF-009F-485E-84B2-8DB01B03AF1A} = {06CAE7FA-BDA2-459B-B7DA-2A4C71BB658D}
		{434E7159-FEC5-4CF3-8BAD-BFFB2F1C6DAE} = {AE507008-CCD4-4196-893C-BD63571367EF}
		{DFCC0E9B-8DF0-4092-A19B-57A115A1A918} = {EEB20129-C88B-4444-9539-4B5BC7EE0DDE}
		{F09F805A-0AAE-46A0-8015-F8CF80DDA7D0} = {717552D5-D020-4480-A681-65C9A31C09BF}
		{21480099-3347-4273-9E5A-E7632E624AD8} = {AE507008-CCD4-4196-893C-BD63571367EF}
		{F1FF4706-736C-4ED3-9F61-77486A0420A8} = {717552D5-D020-4480-A681-65C9A31C09BF}
		{4A51F4E4-0D9D-4B2F-8A56-1EDC088B8F05} = {3D232F36-8AAA-4488-A720-5A1E8E720359}
		{6E49B123-5CC9-4B9D-BBD6-FEEB8FA4CE39} = {3D232F36-8AAA-4488-A720-5A1E8E720359}
		{C3067E36-E67C-48B8-9CDE-91D78F745E91} = {3D232F36-8AAA-4488-A720-5A1E8E720359}
		{2FE7F4A1-9AB7-46FD-9E7D-7B02FFD3820A} = {717552D5-D020-4480-A681-65C9A31C09BF}
		{29A5974E-9606-4491-9A30-2905C81D5DC2} = {EEB20129-C88B-4444-9539-4B5BC7EE0DDE}
		{577C8249-739B-49ED-8323-88091E24BDEE} = {EEB20129-C88B-4444-9539-4B5BC7EE0DDE}
		{57A8B09C-71BF-437E-968D-387744BE2B90} = {3D232F36-8AAA-4488-A720-5A1E8E720359}
		{BA77649B-FDFB-45B3-84B9-669BF8EA3783} = {AE507008-CCD4-4196-893C-BD63571367EF}
		{7055413E-49E8-4C66-8114-81CEAA9F8048} = {06CAE7FA-BDA2-459B-B7DA-2A4C71BB658D}
		{3AF4126C-462C-46FD-8EB1-4C97023910BE} = {5A3F1728-3544-424F-8490-CA55C5F580C0}
	EndGlobalSection
	GlobalSection(ExtensibilityGlobals) = postSolution
		SolutionGuid = {EA69AD55-2190-4013-9E9E-BE5BFE08823C}
	EndGlobalSection
EndGlobal
